
Microsoft Visual Studio Solution File, Format Version 12.00
# Visual Studio Version 16
VisualStudioVersion = 16.0.29806.167
MinimumVisualStudioVersion = 10.0.40219.1
Project("{9A19103F-16F7-4668-BE54-9A1E7A4F7556}") = "ReversiApp", "ReversiApp\ReversiApp.csproj", "{7C5BBAF9-4933-42CD-8C67-A0BDC52EC3C0}"
EndProject
Project("{9A19103F-16F7-4668-BE54-9A1E7A4F7556}") = "ReversiRestApiTest", "ReversiRestApiTest\ReversiRestApiTest.csproj", "{CC444FAB-B3F2-40B9-B8C2-100BB1AFD5D9}"
EndProject
Global
	GlobalSection(SolutionConfigurationPlatforms) = preSolution
		Debug|Any CPU = Debug|Any CPU
		Release|Any CPU = Release|Any CPU
	EndGlobalSection
	GlobalSection(ProjectConfigurationPlatforms) = postSolution
		{7C5BBAF9-4933-42CD-8C67-A0BDC52EC3C0}.Debug|Any CPU.ActiveCfg = Debug|Any CPU
		{7C5BBAF9-4933-42CD-8C67-A0BDC52EC3C0}.Debug|Any CPU.Build.0 = Debug|Any CPU
		{7C5BBAF9-4933-42CD-8C67-A0BDC52EC3C0}.Release|Any CPU.ActiveCfg = Release|Any CPU
		{7C5BBAF9-4933-42CD-8C67-A0BDC52EC3C0}.Release|Any CPU.Build.0 = Release|Any CPU
		{CC444FAB-B3F2-40B9-B8C2-100BB1AFD5D9}.Debug|Any CPU.ActiveCfg = Debug|Any CPU
		{CC444FAB-B3F2-40B9-B8C2-100BB1AFD5D9}.Debug|Any CPU.Build.0 = Debug|Any CPU
		{CC444FAB-B3F2-40B9-B8C2-100BB1AFD5D9}.Release|Any CPU.ActiveCfg = Release|Any CPU
		{CC444FAB-B3F2-40B9-B8C2-100BB1AFD5D9}.Release|Any CPU.Build.0 = Release|Any CPU
	EndGlobalSection
	GlobalSection(SolutionProperties) = preSolution
		HideSolutionNode = FALSE
	EndGlobalSection
	GlobalSection(ExtensibilityGlobals) = postSolution
		SolutionGuid = {7F0E7787-9978-4661-A738-28CBF458C770}
	EndGlobalSection
EndGlobal
